
Microsoft Visual Studio Solution File, Format Version 12.00
# Visual Studio Version 17
VisualStudioVersion = 17.8.34330.188
MinimumVisualStudioVersion = 10.0.40219.1
Project("{9A19103F-16F7-4668-BE54-9A1E7A4F7556}") = "JobBoardsSite.Client", "JobBoardsSite.Client\JobBoardsSite.Client.csproj", "{66978825-B14C-454E-AF1A-C6ADDECD50DC}"
EndProject
Project("{9A19103F-16F7-4668-BE54-9A1E7A4F7556}") = "JobBoardsSite.Api", "JobBoardsSite.Api\JobBoardsSite.Api.csproj", "{C654D1F8-0C7C-4C1E-BD13-4D14602652D1}"
EndProject
Project("{9A19103F-16F7-4668-BE54-9A1E7A4F7556}") = "JobBoardsSite.Infrastructure", "JobBoardsSite.Infrastructure\JobBoardsSite.Infrastructure.csproj", "{C2589275-5D4D-4157-9666-C45CD9D6C647}"
EndProject
Project("{9A19103F-16F7-4668-BE54-9A1E7A4F7556}") = "JobBoardsSite.Shared", "JobBoardsSite.Shared\JobBoardsSite.Shared.csproj", "{60049315-1ABD-49EE-AD61-18FCCB6A8E34}"
EndProject
Project("{9A19103F-16F7-4668-BE54-9A1E7A4F7556}") = "JobBoardsSite.ApplicationCore", "JobBoardsSite.ApplicationCore\JobBoardsSite.ApplicationCore.csproj", "{91079D82-DC5F-4D8D-8FFD-E8EAAEF67CEE}"
EndProject
Global
	GlobalSection(SolutionConfigurationPlatforms) = preSolution
		Debug|Any CPU = Debug|Any CPU
		Release|Any CPU = Release|Any CPU
	EndGlobalSection
	GlobalSection(ProjectConfigurationPlatforms) = postSolution
		{66978825-B14C-454E-AF1A-C6ADDECD50DC}.Debug|Any CPU.ActiveCfg = Debug|Any CPU
		{66978825-B14C-454E-AF1A-C6ADDECD50DC}.Debug|Any CPU.Build.0 = Debug|Any CPU
		{66978825-B14C-454E-AF1A-C6ADDECD50DC}.Release|Any CPU.ActiveCfg = Release|Any CPU
		{66978825-B14C-454E-AF1A-C6ADDECD50DC}.Release|Any CPU.Build.0 = Release|Any CPU
		{C654D1F8-0C7C-4C1E-BD13-4D14602652D1}.Debug|Any CPU.ActiveCfg = Debug|Any CPU
		{C654D1F8-0C7C-4C1E-BD13-4D14602652D1}.Debug|Any CPU.Build.0 = Debug|Any CPU
		{C654D1F8-0C7C-4C1E-BD13-4D14602652D1}.Release|Any CPU.ActiveCfg = Release|Any CPU
		{C654D1F8-0C7C-4C1E-BD13-4D14602652D1}.Release|Any CPU.Build.0 = Release|Any CPU
		{C2589275-5D4D-4157-9666-C45CD9D6C647}.Debug|Any CPU.ActiveCfg = Debug|Any CPU
		{C2589275-5D4D-4157-9666-C45CD9D6C647}.Debug|Any CPU.Build.0 = Debug|Any CPU
		{C2589275-5D4D-4157-9666-C45CD9D6C647}.Release|Any CPU.ActiveCfg = Release|Any CPU
		{C2589275-5D4D-4157-9666-C45CD9D6C647}.Release|Any CPU.Build.0 = Release|Any CPU
		{60049315-1ABD-49EE-AD61-18FCCB6A8E34}.Debug|Any CPU.ActiveCfg = Debug|Any CPU
		{60049315-1ABD-49EE-AD61-18FCCB6A8E34}.Debug|Any CPU.Build.0 = Debug|Any CPU
		{60049315-1ABD-49EE-AD61-18FCCB6A8E34}.Release|Any CPU.ActiveCfg = Release|Any CPU
		{60049315-1ABD-49EE-AD61-18FCCB6A8E34}.Release|Any CPU.Build.0 = Release|Any CPU
		{91079D82-DC5F-4D8D-8FFD-E8EAAEF67CEE}.Debug|Any CPU.ActiveCfg = Debug|Any CPU
		{91079D82-DC5F-4D8D-8FFD-E8EAAEF67CEE}.Debug|Any CPU.Build.0 = Debug|Any CPU
		{91079D82-DC5F-4D8D-8FFD-E8EAAEF67CEE}.Release|Any CPU.ActiveCfg = Release|Any CPU
		{91079D82-DC5F-4D8D-8FFD-E8EAAEF67CEE}.Release|Any CPU.Build.0 = Release|Any CPU
	EndGlobalSection
	GlobalSection(SolutionProperties) = preSolution
		HideSolutionNode = FALSE
	EndGlobalSection
	GlobalSection(ExtensibilityGlobals) = postSolution
		SolutionGuid = {6EB3C1BB-5850-484A-9301-AEE16AD36116}
	EndGlobalSection
EndGlobal
